
Microsoft Visual Studio Solution File, Format Version 12.00
# Visual Studio Version 17
VisualStudioVersion = 17.5.002.0
MinimumVisualStudioVersion = 10.0.40219.1
Project("{9A19103F-16F7-4668-BE54-9A1E7A4F7556}") = "UserRegistrationApi", "UserRegistrationApi\UserRegistrationApi.csproj", "{33021423-971E-4F83-B1D0-8D41B77C5013}"
EndProject
Global
	GlobalSection(SolutionConfigurationPlatforms) = preSolution
		Debug|Any CPU = Debug|Any CPU
		Release|Any CPU = Release|Any CPU
	EndGlobalSection
	GlobalSection(ProjectConfigurationPlatforms) = postSolution
		{33021423-971E-4F83-B1D0-8D41B77C5013}.Debug|Any CPU.ActiveCfg = Debug|Any CPU
		{33021423-971E-4F83-B1D0-8D41B77C5013}.Debug|Any CPU.Build.0 = Debug|Any CPU
		{33021423-971E-4F83-B1D0-8D41B77C5013}.Release|Any CPU.ActiveCfg = Release|Any CPU
		{33021423-971E-4F83-B1D0-8D41B77C5013}.Release|Any CPU.Build.0 = Release|Any CPU
	EndGlobalSection
	GlobalSection(SolutionProperties) = preSolution
		HideSolutionNode = FALSE
	EndGlobalSection
	GlobalSection(ExtensibilityGlobals) = postSolution
		SolutionGuid = {FC80F5AC-46E7-4C0E-87CB-F0BB69899734}
	EndGlobalSection
EndGlobal
